
Microsoft Visual Studio Solution File, Format Version 12.00
# Visual Studio 15
VisualStudioVersion = 15.0.26124.0
MinimumVisualStudioVersion = 15.0.26124.0
Project("{2150E333-8FDC-42A3-9474-1A3956D46DE8}") = "Src", "Src", "{9192421F-4F21-49BB-98D9-F4AFC8EA048F}"
EndProject
Project("{2150E333-8FDC-42A3-9474-1A3956D46DE8}") = "Core", "Core", "{7F141BFD-034E-4A2D-8935-D3E779978B7C}"
EndProject
Project("{FAE04EC0-301F-11D3-BF4B-00C04F79EFBC}") = "OpenChat.Application", "Src\Core\OpenChat.Application\OpenChat.Application.csproj", "{5276ECDC-9A8B-4E96-89D5-9291C09C2788}"
EndProject
Project("{FAE04EC0-301F-11D3-BF4B-00C04F79EFBC}") = "OpenChat.Common", "Src\Core\OpenChat.Common\OpenChat.Common.csproj", "{4EF2A195-B1BB-47FD-965C-E9AEFE907AB6}"
EndProject
Project("{FAE04EC0-301F-11D3-BF4B-00C04F79EFBC}") = "OpenChat.Domain", "Src\Core\OpenChat.Domain\OpenChat.Domain.csproj", "{0849692A-9E55-4EDD-838F-2A5E8C597BB5}"
EndProject
Project("{2150E333-8FDC-42A3-9474-1A3956D46DE8}") = "Infrastructure", "Infrastructure", "{29D45A83-F10A-4D2B-8B4F-AA2658798B71}"
EndProject
Project("{FAE04EC0-301F-11D3-BF4B-00C04F79EFBC}") = "OpenChat.Infrastructure", "Src\Infrastructure\OpenChat.Infrastructure\OpenChat.Infrastructure.csproj", "{08D9B060-0811-422C-8AA8-1D23D9571D9C}"
EndProject
Project("{2150E333-8FDC-42A3-9474-1A3956D46DE8}") = "Presentation", "Presentation", "{FDDD8DF0-FDCE-40A2-8C16-7BE7F2E46827}"
EndProject
Project("{FAE04EC0-301F-11D3-BF4B-00C04F79EFBC}") = "OpenChat.API", "Src\Presentation\OpenChat.API\OpenChat.API.csproj", "{F58D7D1E-C899-4C0F-914D-4E53D66E1966}"
EndProject
Project("{2150E333-8FDC-42A3-9474-1A3956D46DE8}") = "Tests", "Tests", "{CD4645C8-BD5D-423A-B5AF-94439D8C42EB}"
EndProject
Project("{FAE04EC0-301F-11D3-BF4B-00C04F79EFBC}") = "OpenChat.API.AcceptanceTests", "Tests\OpenChat.API.AcceptanceTests\OpenChat.API.AcceptanceTests.csproj", "{640DDEC0-70DB-49FA-AB23-219ABD6E18F3}"
EndProject
Project("{FAE04EC0-301F-11D3-BF4B-00C04F79EFBC}") = "OpenChat.Persistence", "Src\Infrastructure\OpenChat.Persistence\OpenChat.Persistence.csproj", "{A89FAEAD-2CCE-45C7-BD7A-E547DFEE7D2E}"
EndProject
Global
	GlobalSection(SolutionConfigurationPlatforms) = preSolution
		Debug|Any CPU = Debug|Any CPU
		Debug|x64 = Debug|x64
		Debug|x86 = Debug|x86
		Release|Any CPU = Release|Any CPU
		Release|x64 = Release|x64
		Release|x86 = Release|x86
	EndGlobalSection
	GlobalSection(SolutionProperties) = preSolution
		HideSolutionNode = FALSE
	EndGlobalSection
	GlobalSection(ProjectConfigurationPlatforms) = postSolution
		{5276ECDC-9A8B-4E96-89D5-9291C09C2788}.Debug|Any CPU.ActiveCfg = Debug|Any CPU
		{5276ECDC-9A8B-4E96-89D5-9291C09C2788}.Debug|Any CPU.Build.0 = Debug|Any CPU
		{5276ECDC-9A8B-4E96-89D5-9291C09C2788}.Debug|x64.ActiveCfg = Debug|Any CPU
		{5276ECDC-9A8B-4E96-89D5-9291C09C2788}.Debug|x64.Build.0 = Debug|Any CPU
		{5276ECDC-9A8B-4E96-89D5-9291C09C2788}.Debug|x86.ActiveCfg = Debug|Any CPU
		{5276ECDC-9A8B-4E96-89D5-9291C09C2788}.Debug|x86.Build.0 = Debug|Any CPU
		{5276ECDC-9A8B-4E96-89D5-9291C09C2788}.Release|Any CPU.ActiveCfg = Release|Any CPU
		{5276ECDC-9A8B-4E96-89D5-9291C09C2788}.Release|Any CPU.Build.0 = Release|Any CPU
		{5276ECDC-9A8B-4E96-89D5-9291C09C2788}.Release|x64.ActiveCfg = Release|Any CPU
		{5276ECDC-9A8B-4E96-89D5-9291C09C2788}.Release|x64.Build.0 = Release|Any CPU
		{5276ECDC-9A8B-4E96-89D5-9291C09C2788}.Release|x86.ActiveCfg = Release|Any CPU
		{5276ECDC-9A8B-4E96-89D5-9291C09C2788}.Release|x86.Build.0 = Release|Any CPU
		{4EF2A195-B1BB-47FD-965C-E9AEFE907AB6}.Debug|Any CPU.ActiveCfg = Debug|Any CPU
		{4EF2A195-B1BB-47FD-965C-E9AEFE907AB6}.Debug|Any CPU.Build.0 = Debug|Any CPU
		{4EF2A195-B1BB-47FD-965C-E9AEFE907AB6}.Debug|x64.ActiveCfg = Debug|Any CPU
		{4EF2A195-B1BB-47FD-965C-E9AEFE907AB6}.Debug|x64.Build.0 = Debug|Any CPU
		{4EF2A195-B1BB-47FD-965C-E9AEFE907AB6}.Debug|x86.ActiveCfg = Debug|Any CPU
		{4EF2A195-B1BB-47FD-965C-E9AEFE907AB6}.Debug|x86.Build.0 = Debug|Any CPU
		{4EF2A195-B1BB-47FD-965C-E9AEFE907AB6}.Release|Any CPU.ActiveCfg = Release|Any CPU
		{4EF2A195-B1BB-47FD-965C-E9AEFE907AB6}.Release|Any CPU.Build.0 = Release|Any CPU
		{4EF2A195-B1BB-47FD-965C-E9AEFE907AB6}.Release|x64.ActiveCfg = Release|Any CPU
		{4EF2A195-B1BB-47FD-965C-E9AEFE907AB6}.Release|x64.Build.0 = Release|Any CPU
		{4EF2A195-B1BB-47FD-965C-E9AEFE907AB6}.Release|x86.ActiveCfg = Release|Any CPU
		{4EF2A195-B1BB-47FD-965C-E9AEFE907AB6}.Release|x86.Build.0 = Release|Any CPU
		{0849692A-9E55-4EDD-838F-2A5E8C597BB5}.Debug|Any CPU.ActiveCfg = Debug|Any CPU
		{0849692A-9E55-4EDD-838F-2A5E8C597BB5}.Debug|Any CPU.Build.0 = Debug|Any CPU
		{0849692A-9E55-4EDD-838F-2A5E8C597BB5}.Debug|x64.ActiveCfg = Debug|Any CPU
		{0849692A-9E55-4EDD-838F-2A5E8C597BB5}.Debug|x64.Build.0 = Debug|Any CPU
		{0849692A-9E55-4EDD-838F-2A5E8C597BB5}.Debug|x86.ActiveCfg = Debug|Any CPU
		{0849692A-9E55-4EDD-838F-2A5E8C597BB5}.Debug|x86.Build.0 = Debug|Any CPU
		{0849692A-9E55-4EDD-838F-2A5E8C597BB5}.Release|Any CPU.ActiveCfg = Release|Any CPU
		{0849692A-9E55-4EDD-838F-2A5E8C597BB5}.Release|Any CPU.Build.0 = Release|Any CPU
		{0849692A-9E55-4EDD-838F-2A5E8C597BB5}.Release|x64.ActiveCfg = Release|Any CPU
		{0849692A-9E55-4EDD-838F-2A5E8C597BB5}.Release|x64.Build.0 = Release|Any CPU
		{0849692A-9E55-4EDD-838F-2A5E8C597BB5}.Release|x86.ActiveCfg = Release|Any CPU
		{0849692A-9E55-4EDD-838F-2A5E8C597BB5}.Release|x86.Build.0 = Release|Any CPU
		{08D9B060-0811-422C-8AA8-1D23D9571D9C}.Debug|Any CPU.ActiveCfg = Debug|Any CPU
		{08D9B060-0811-422C-8AA8-1D23D9571D9C}.Debug|Any CPU.Build.0 = Debug|Any CPU
		{08D9B060-0811-422C-8AA8-1D23D9571D9C}.Debug|x64.ActiveCfg = Debug|Any CPU
		{08D9B060-0811-422C-8AA8-1D23D9571D9C}.Debug|x64.Build.0 = Debug|Any CPU
		{08D9B060-0811-422C-8AA8-1D23D9571D9C}.Debug|x86.ActiveCfg = Debug|Any CPU
		{08D9B060-0811-422C-8AA8-1D23D9571D9C}.Debug|x86.Build.0 = Debug|Any CPU
		{08D9B060-0811-422C-8AA8-1D23D9571D9C}.Release|Any CPU.ActiveCfg = Release|Any CPU
		{08D9B060-0811-422C-8AA8-1D23D9571D9C}.Release|Any CPU.Build.0 = Release|Any CPU
		{08D9B060-0811-422C-8AA8-1D23D9571D9C}.Release|x64.ActiveCfg = Release|Any CPU
		{08D9B060-0811-422C-8AA8-1D23D9571D9C}.Release|x64.Build.0 = Release|Any CPU
		{08D9B060-0811-422C-8AA8-1D23D9571D9C}.Release|x86.ActiveCfg = Release|Any CPU
		{08D9B060-0811-422C-8AA8-1D23D9571D9C}.Release|x86.Build.0 = Release|Any CPU
		{F58D7D1E-C899-4C0F-914D-4E53D66E1966}.Debug|Any CPU.ActiveCfg = Debug|Any CPU
		{F58D7D1E-C899-4C0F-914D-4E53D66E1966}.Debug|Any CPU.Build.0 = Debug|Any CPU
		{F58D7D1E-C899-4C0F-914D-4E53D66E1966}.Debug|x64.ActiveCfg = Debug|Any CPU
		{F58D7D1E-C899-4C0F-914D-4E53D66E1966}.Debug|x64.Build.0 = Debug|Any CPU
		{F58D7D1E-C899-4C0F-914D-4E53D66E1966}.Debug|x86.ActiveCfg = Debug|Any CPU
		{F58D7D1E-C899-4C0F-914D-4E53D66E1966}.Debug|x86.Build.0 = Debug|Any CPU
		{F58D7D1E-C899-4C0F-914D-4E53D66E1966}.Release|Any CPU.ActiveCfg = Release|Any CPU
		{F58D7D1E-C899-4C0F-914D-4E53D66E1966}.Release|Any CPU.Build.0 = Release|Any CPU
		{F58D7D1E-C899-4C0F-914D-4E53D66E1966}.Release|x64.ActiveCfg = Release|Any CPU
		{F58D7D1E-C899-4C0F-914D-4E53D66E1966}.Release|x64.Build.0 = Release|Any CPU
		{F58D7D1E-C899-4C0F-914D-4E53D66E1966}.Release|x86.ActiveCfg = Release|Any CPU
		{F58D7D1E-C899-4C0F-914D-4E53D66E1966}.Release|x86.Build.0 = Release|Any CPU
		{640DDEC0-70DB-49FA-AB23-219ABD6E18F3}.Debug|Any CPU.ActiveCfg = Debug|Any CPU
		{640DDEC0-70DB-49FA-AB23-219ABD6E18F3}.Debug|Any CPU.Build.0 = Debug|Any CPU
		{640DDEC0-70DB-49FA-AB23-219ABD6E18F3}.Debug|x64.ActiveCfg = Debug|Any CPU
		{640DDEC0-70DB-49FA-AB23-219ABD6E18F3}.Debug|x64.Build.0 = Debug|Any CPU
		{640DDEC0-70DB-49FA-AB23-219ABD6E18F3}.Debug|x86.ActiveCfg = Debug|Any CPU
		{640DDEC0-70DB-49FA-AB23-219ABD6E18F3}.Debug|x86.Build.0 = Debug|Any CPU
		{640DDEC0-70DB-49FA-AB23-219ABD6E18F3}.Release|Any CPU.ActiveCfg = Release|Any CPU
		{640DDEC0-70DB-49FA-AB23-219ABD6E18F3}.Release|Any CPU.Build.0 = Release|Any CPU
		{640DDEC0-70DB-49FA-AB23-219ABD6E18F3}.Release|x64.ActiveCfg = Release|Any CPU
		{640DDEC0-70DB-49FA-AB23-219ABD6E18F3}.Release|x64.Build.0 = Release|Any CPU
		{640DDEC0-70DB-49FA-AB23-219ABD6E18F3}.Release|x86.ActiveCfg = Release|Any CPU
		{640DDEC0-70DB-49FA-AB23-219ABD6E18F3}.Release|x86.Build.0 = Release|Any CPU
		{A89FAEAD-2CCE-45C7-BD7A-E547DFEE7D2E}.Debug|Any CPU.ActiveCfg = Debug|Any CPU
		{A89FAEAD-2CCE-45C7-BD7A-E547DFEE7D2E}.Debug|Any CPU.Build.0 = Debug|Any CPU
		{A89FAEAD-2CCE-45C7-BD7A-E547DFEE7D2E}.Debug|x64.ActiveCfg = Debug|Any CPU
		{A89FAEAD-2CCE-45C7-BD7A-E547DFEE7D2E}.Debug|x64.Build.0 = Debug|Any CPU
		{A89FAEAD-2CCE-45C7-BD7A-E547DFEE7D2E}.Debug|x86.ActiveCfg = Debug|Any CPU
		{A89FAEAD-2CCE-45C7-BD7A-E547DFEE7D2E}.Debug|x86.Build.0 = Debug|Any CPU
		{A89FAEAD-2CCE-45C7-BD7A-E547DFEE7D2E}.Release|Any CPU.ActiveCfg = Release|Any CPU
		{A89FAEAD-2CCE-45C7-BD7A-E547DFEE7D2E}.Release|Any CPU.Build.0 = Release|Any CPU
		{A89FAEAD-2CCE-45C7-BD7A-E547DFEE7D2E}.Release|x64.ActiveCfg = Release|Any CPU
		{A89FAEAD-2CCE-45C7-BD7A-E547DFEE7D2E}.Release|x64.Build.0 = Release|Any CPU
		{A89FAEAD-2CCE-45C7-BD7A-E547DFEE7D2E}.Release|x86.ActiveCfg = Release|Any CPU
		{A89FAEAD-2CCE-45C7-BD7A-E547DFEE7D2E}.Release|x86.Build.0 = Release|Any CPU
	EndGlobalSection
	GlobalSection(NestedProjects) = preSolution
		{7F141BFD-034E-4A2D-8935-D3E779978B7C} = {9192421F-4F21-49BB-98D9-F4AFC8EA048F}
		{5276ECDC-9A8B-4E96-89D5-9291C09C2788} = {7F141BFD-034E-4A2D-8935-D3E779978B7C}
		{4EF2A195-B1BB-47FD-965C-E9AEFE907AB6} = {7F141BFD-034E-4A2D-8935-D3E779978B7C}
		{0849692A-9E55-4EDD-838F-2A5E8C597BB5} = {7F141BFD-034E-4A2D-8935-D3E779978B7C}
		{29D45A83-F10A-4D2B-8B4F-AA2658798B71} = {9192421F-4F21-49BB-98D9-F4AFC8EA048F}
		{08D9B060-0811-422C-8AA8-1D23D9571D9C} = {29D45A83-F10A-4D2B-8B4F-AA2658798B71}
		{FDDD8DF0-FDCE-40A2-8C16-7BE7F2E46827} = {9192421F-4F21-49BB-98D9-F4AFC8EA048F}
		{F58D7D1E-C899-4C0F-914D-4E53D66E1966} = {FDDD8DF0-FDCE-40A2-8C16-7BE7F2E46827}
		{640DDEC0-70DB-49FA-AB23-219ABD6E18F3} = {CD4645C8-BD5D-423A-B5AF-94439D8C42EB}
		{A89FAEAD-2CCE-45C7-BD7A-E547DFEE7D2E} = {29D45A83-F10A-4D2B-8B4F-AA2658798B71}
	EndGlobalSection
EndGlobal
